// !$*UTF8*$!
{
	archiveVersion = 1;
	classes = {
	};
	objectVersion = 55;
	objects = {

/* Begin PBXBuildFile section */
		D996BB93289ECA4A003FDFC4 /* AppDelegate.swift in Sources */ = {isa = PBXBuildFile; fileRef = D996BB92289ECA4A003FDFC4 /* AppDelegate.swift */; };
		D996BB95289ECA4A003FDFC4 /* SceneDelegate.swift in Sources */ = {isa = PBXBuildFile; fileRef = D996BB94289ECA4A003FDFC4 /* SceneDelegate.swift */; };
		D996BB97289ECA4A003FDFC4 /* ViewController.swift in Sources */ = {isa = PBXBuildFile; fileRef = D996BB96289ECA4A003FDFC4 /* ViewController.swift */; };
		D996BB9C289ECA4C003FDFC4 /* Assets.xcassets in Resources */ = {isa = PBXBuildFile; fileRef = D996BB9B289ECA4C003FDFC4 /* Assets.xcassets */; };
		D996BB9F289ECA4C003FDFC4 /* LaunchScreen.storyboard in Resources */ = {isa = PBXBuildFile; fileRef = D996BB9D289ECA4C003FDFC4 /* LaunchScreen.storyboard */; };
		D996BBAA289ECA4C003FDFC4 /* StocksTests.swift in Sources */ = {isa = PBXBuildFile; fileRef = D996BBA9289ECA4C003FDFC4 /* StocksTests.swift */; };
		D996BBB4289ECA4C003FDFC4 /* StocksUITests.swift in Sources */ = {isa = PBXBuildFile; fileRef = D996BBB3289ECA4C003FDFC4 /* StocksUITests.swift */; };
		D996BBB6289ECA4C003FDFC4 /* StocksUITestsLaunchTests.swift in Sources */ = {isa = PBXBuildFile; fileRef = D996BBB5289ECA4C003FDFC4 /* StocksUITestsLaunchTests.swift */; };
		D996BBC5289F7F25003FDFC4 /* APICaller.swift in Sources */ = {isa = PBXBuildFile; fileRef = D996BBC4289F7F25003FDFC4 /* APICaller.swift */; };
		D996BBC7289F7F40003FDFC4 /* PersistenceManager.swift in Sources */ = {isa = PBXBuildFile; fileRef = D996BBC6289F7F40003FDFC4 /* PersistenceManager.swift */; };
		D996BBC9289F7F52003FDFC4 /* HapticsManager.swift in Sources */ = {isa = PBXBuildFile; fileRef = D996BBC8289F7F52003FDFC4 /* HapticsManager.swift */; };
/* End PBXBuildFile section */

/* Begin PBXContainerItemProxy section */
		D996BBA6289ECA4C003FDFC4 /* PBXContainerItemProxy */ = {
			isa = PBXContainerItemProxy;
			containerPortal = D996BB87289ECA4A003FDFC4 /* Project object */;
			proxyType = 1;
			remoteGlobalIDString = D996BB8E289ECA4A003FDFC4;
			remoteInfo = Stocks;
		};
		D996BBB0289ECA4C003FDFC4 /* PBXContainerItemProxy */ = {
			isa = PBXContainerItemProxy;
			containerPortal = D996BB87289ECA4A003FDFC4 /* Project object */;
			proxyType = 1;
			remoteGlobalIDString = D996BB8E289ECA4A003FDFC4;
			remoteInfo = Stocks;
		};
/* End PBXContainerItemProxy section */

/* Begin PBXFileReference section */
		D996BB8F289ECA4A003FDFC4 /* Stocks.app */ = {isa = PBXFileReference; explicitFileType = wrapper.application; includeInIndex = 0; path = Stocks.app; sourceTree = BUILT_PRODUCTS_DIR; };
		D996BB92289ECA4A003FDFC4 /* AppDelegate.swift */ = {isa = PBXFileReference; lastKnownFileType = sourcecode.swift; path = AppDelegate.swift; sourceTree = "<group>"; };
		D996BB94289ECA4A003FDFC4 /* SceneDelegate.swift */ = {isa = PBXFileReference; lastKnownFileType = sourcecode.swift; path = SceneDelegate.swift; sourceTree = "<group>"; };
		D996BB96289ECA4A003FDFC4 /* ViewController.swift */ = {isa = PBXFileReference; lastKnownFileType = sourcecode.swift; path = ViewController.swift; sourceTree = "<group>"; };
		D996BB9B289ECA4C003FDFC4 /* Assets.xcassets */ = {isa = PBXFileReference; lastKnownFileType = folder.assetcatalog; path = Assets.xcassets; sourceTree = "<group>"; };
		D996BB9E289ECA4C003FDFC4 /* Base */ = {isa = PBXFileReference; lastKnownFileType = file.storyboard; name = Base; path = Base.lproj/LaunchScreen.storyboard; sourceTree = "<group>"; };
		D996BBA0289ECA4C003FDFC4 /* Info.plist */ = {isa = PBXFileReference; lastKnownFileType = text.plist.xml; path = Info.plist; sourceTree = "<group>"; };
		D996BBA5289ECA4C003FDFC4 /* StocksTests.xctest */ = {isa = PBXFileReference; explicitFileType = wrapper.cfbundle; includeInIndex = 0; path = StocksTests.xctest; sourceTree = BUILT_PRODUCTS_DIR; };
		D996BBA9289ECA4C003FDFC4 /* StocksTests.swift */ = {isa = PBXFileReference; lastKnownFileType = sourcecode.swift; path = StocksTests.swift; sourceTree = "<group>"; };
		D996BBAF289ECA4C003FDFC4 /* StocksUITests.xctest */ = {isa = PBXFileReference; explicitFileType = wrapper.cfbundle; includeInIndex = 0; path = StocksUITests.xctest; sourceTree = BUILT_PRODUCTS_DIR; };
		D996BBB3289ECA4C003FDFC4 /* StocksUITests.swift */ = {isa = PBXFileReference; lastKnownFileType = sourcecode.swift; path = StocksUITests.swift; sourceTree = "<group>"; };
		D996BBB5289ECA4C003FDFC4 /* StocksUITestsLaunchTests.swift */ = {isa = PBXFileReference; lastKnownFileType = sourcecode.swift; path = StocksUITestsLaunchTests.swift; sourceTree = "<group>"; };
		D996BBC4289F7F25003FDFC4 /* APICaller.swift */ = {isa = PBXFileReference; lastKnownFileType = sourcecode.swift; path = APICaller.swift; sourceTree = "<group>"; };
		D996BBC6289F7F40003FDFC4 /* PersistenceManager.swift */ = {isa = PBXFileReference; lastKnownFileType = sourcecode.swift; path = PersistenceManager.swift; sourceTree = "<group>"; };
		D996BBC8289F7F52003FDFC4 /* HapticsManager.swift */ = {isa = PBXFileReference; lastKnownFileType = sourcecode.swift; path = HapticsManager.swift; sourceTree = "<group>"; };
/* End PBXFileReference section */

/* Begin PBXFrameworksBuildPhase section */
		D996BB8C289ECA4A003FDFC4 /* Frameworks */ = {
			isa = PBXFrameworksBuildPhase;
			buildActionMask = 2147483647;
			files = (
			);
			runOnlyForDeploymentPostprocessing = 0;
		};
		D996BBA2289ECA4C003FDFC4 /* Frameworks */ = {
			isa = PBXFrameworksBuildPhase;
			buildActionMask = 2147483647;
			files = (
			);
			runOnlyForDeploymentPostprocessing = 0;
		};
		D996BBAC289ECA4C003FDFC4 /* Frameworks */ = {
			isa = PBXFrameworksBuildPhase;
			buildActionMask = 2147483647;
			files = (
			);
			runOnlyForDeploymentPostprocessing = 0;
		};
/* End PBXFrameworksBuildPhase section */

/* Begin PBXGroup section */
		D996BB86289ECA4A003FDFC4 = {
			isa = PBXGroup;
			children = (
				D996BB91289ECA4A003FDFC4 /* Stocks */,
				D996BBA8289ECA4C003FDFC4 /* StocksTests */,
				D996BBB2289ECA4C003FDFC4 /* StocksUITests */,
				D996BB90289ECA4A003FDFC4 /* Products */,
			);
			sourceTree = "<group>";
		};
		D996BB90289ECA4A003FDFC4 /* Products */ = {
			isa = PBXGroup;
			children = (
				D996BB8F289ECA4A003FDFC4 /* Stocks.app */,
				D996BBA5289ECA4C003FDFC4 /* StocksTests.xctest */,
				D996BBAF289ECA4C003FDFC4 /* StocksUITests.xctest */,
			);
			name = Products;
			sourceTree = "<group>";
		};
		D996BB91289ECA4A003FDFC4 /* Stocks */ = {
			isa = PBXGroup;
			children = (
				D996BBC3289F7F0A003FDFC4 /* Managers */,
				D996BBC2289ECAD3003FDFC4 /* Other */,
				D996BB96289ECA4A003FDFC4 /* ViewController.swift */,
				D996BB9D289ECA4C003FDFC4 /* LaunchScreen.storyboard */,
				D996BBA0289ECA4C003FDFC4 /* Info.plist */,
			);
			path = Stocks;
			sourceTree = "<group>";
		};
		D996BBA8289ECA4C003FDFC4 /* StocksTests */ = {
			isa = PBXGroup;
			children = (
				D996BBA9289ECA4C003FDFC4 /* StocksTests.swift */,
			);
			path = StocksTests;
			sourceTree = "<group>";
		};
		D996BBB2289ECA4C003FDFC4 /* StocksUITests */ = {
			isa = PBXGroup;
			children = (
				D996BBB3289ECA4C003FDFC4 /* StocksUITests.swift */,
				D996BBB5289ECA4C003FDFC4 /* StocksUITestsLaunchTests.swift */,
			);
			path = StocksUITests;
			sourceTree = "<group>";
		};
		D996BBC2289ECAD3003FDFC4 /* Other */ = {
			isa = PBXGroup;
			children = (
				D996BB92289ECA4A003FDFC4 /* AppDelegate.swift */,
				D996BB94289ECA4A003FDFC4 /* SceneDelegate.swift */,
				D996BB9B289ECA4C003FDFC4 /* Assets.xcassets */,
			);
			path = Other;
			sourceTree = "<group>";
		};
		D996BBC3289F7F0A003FDFC4 /* Managers */ = {
			isa = PBXGroup;
			children = (
				D996BBC4289F7F25003FDFC4 /* APICaller.swift */,
				D996BBC6289F7F40003FDFC4 /* PersistenceManager.swift */,
				D996BBC8289F7F52003FDFC4 /* HapticsManager.swift */,
			);
			path = Managers;
			sourceTree = "<group>";
		};
/* End PBXGroup section */

/* Begin PBXNativeTarget section */
		D996BB8E289ECA4A003FDFC4 /* Stocks */ = {
			isa = PBXNativeTarget;
			buildConfigurationList = D996BBB9289ECA4C003FDFC4 /* Build configuration list for PBXNativeTarget "Stocks" */;
			buildPhases = (
				D996BB8B289ECA4A003FDFC4 /* Sources */,
				D996BB8C289ECA4A003FDFC4 /* Frameworks */,
				D996BB8D289ECA4A003FDFC4 /* Resources */,
			);
			buildRules = (
			);
			dependencies = (
			);
			name = Stocks;
			productName = Stocks;
			productReference = D996BB8F289ECA4A003FDFC4 /* Stocks.app */;
			productType = "com.apple.product-type.application";
		};
		D996BBA4289ECA4C003FDFC4 /* StocksTests */ = {
			isa = PBXNativeTarget;
			buildConfigurationList = D996BBBC289ECA4C003FDFC4 /* Build configuration list for PBXNativeTarget "StocksTests" */;
			buildPhases = (
				D996BBA1289ECA4C003FDFC4 /* Sources */,
				D996BBA2289ECA4C003FDFC4 /* Frameworks */,
				D996BBA3289ECA4C003FDFC4 /* Resources */,
			);
			buildRules = (
			);
			dependencies = (
				D996BBA7289ECA4C003FDFC4 /* PBXTargetDependency */,
			);
			name = StocksTests;
			productName = StocksTests;
			productReference = D996BBA5289ECA4C003FDFC4 /* StocksTests.xctest */;
			productType = "com.apple.product-type.bundle.unit-test";
		};
		D996BBAE289ECA4C003FDFC4 /* StocksUITests */ = {
			isa = PBXNativeTarget;
			buildConfigurationList = D996BBBF289ECA4C003FDFC4 /* Build configuration list for PBXNativeTarget "StocksUITests" */;
			buildPhases = (
				D996BBAB289ECA4C003FDFC4 /* Sources */,
				D996BBAC289ECA4C003FDFC4 /* Frameworks */,
				D996BBAD289ECA4C003FDFC4 /* Resources */,
			);
			buildRules = (
			);
			dependencies = (
				D996BBB1289ECA4C003FDFC4 /* PBXTargetDependency */,
			);
			name = StocksUITests;
			productName = StocksUITests;
			productReference = D996BBAF289ECA4C003FDFC4 /* StocksUITests.xctest */;
			productType = "com.apple.product-type.bundle.ui-testing";
		};
/* End PBXNativeTarget section */

/* Begin PBXProject section */
		D996BB87289ECA4A003FDFC4 /* Project object */ = {
			isa = PBXProject;
			attributes = {
				BuildIndependentTargetsInParallel = 1;
				LastSwiftUpdateCheck = 1320;
				LastUpgradeCheck = 1320;
				TargetAttributes = {
					D996BB8E289ECA4A003FDFC4 = {
						CreatedOnToolsVersion = 13.2.1;
					};
					D996BBA4289ECA4C003FDFC4 = {
						CreatedOnToolsVersion = 13.2.1;
						TestTargetID = D996BB8E289ECA4A003FDFC4;
					};
					D996BBAE289ECA4C003FDFC4 = {
						CreatedOnToolsVersion = 13.2.1;
						TestTargetID = D996BB8E289ECA4A003FDFC4;
					};
				};
			};
			buildConfigurationList = D996BB8A289ECA4A003FDFC4 /* Build configuration list for PBXProject "Stocks" */;
			compatibilityVersion = "Xcode 13.0";
			developmentRegion = en;
			hasScannedForEncodings = 0;
			knownRegions = (
				en,
				Base,
			);
			mainGroup = D996BB86289ECA4A003FDFC4;
			productRefGroup = D996BB90289ECA4A003FDFC4 /* Products */;
			projectDirPath = "";
			projectRoot = "";
			targets = (
				D996BB8E289ECA4A003FDFC4 /* Stocks */,
				D996BBA4289ECA4C003FDFC4 /* StocksTests */,
				D996BBAE289ECA4C003FDFC4 /* StocksUITests */,
			);
		};
/* End PBXProject section */

/* Begin PBXResourcesBuildPhase section */
		D996BB8D289ECA4A003FDFC4 /* Resources */ = {
			isa = PBXResourcesBuildPhase;
			buildActionMask = 2147483647;
			files = (
				D996BB9F289ECA4C003FDFC4 /* LaunchScreen.storyboard in Resources */,
				D996BB9C289ECA4C003FDFC4 /* Assets.xcassets in Resources */,
			);
			runOnlyForDeploymentPostprocessing = 0;
		};
		D996BBA3289ECA4C003FDFC4 /* Resources */ = {
			isa = PBXResourcesBuildPhase;
			buildActionMask = 2147483647;
			files = (
			);
			runOnlyForDeploymentPostprocessing = 0;
		};
		D996BBAD289ECA4C003FDFC4 /* Resources */ = {
			isa = PBXResourcesBuildPhase;
			buildActionMask = 2147483647;
			files = (
			);
			runOnlyForDeploymentPostprocessing = 0;
		};
/* End PBXResourcesBuildPhase section */

/* Begin PBXSourcesBuildPhase section */
		D996BB8B289ECA4A003FDFC4 /* Sources */ = {
			isa = PBXSourcesBuildPhase;
			buildActionMask = 2147483647;
			files = (
				D996BBC9289F7F52003FDFC4 /* HapticsManager.swift in Sources */,
				D996BB97289ECA4A003FDFC4 /* ViewController.swift in Sources */,
				D996BBC7289F7F40003FDFC4 /* PersistenceManager.swift in Sources */,
				D996BB93289ECA4A003FDFC4 /* AppDelegate.swift in Sources */,
				D996BB95289ECA4A003FDFC4 /* SceneDelegate.swift in Sources */,
				D996BBC5289F7F25003FDFC4 /* APICaller.swift in Sources */,
			);
			runOnlyForDeploymentPostprocessing = 0;
		};
		D996BBA1289ECA4C003FDFC4 /* Sources */ = {
			isa = PBXSourcesBuildPhase;
			buildActionMask = 2147483647;
			files = (
				D996BBAA289ECA4C003FDFC4 /* StocksTests.swift in Sources */,
			);
			runOnlyForDeploymentPostprocessing = 0;
		};
		D996BBAB289ECA4C003FDFC4 /* Sources */ = {
			isa = PBXSourcesBuildPhase;
			buildActionMask = 2147483647;
			files = (
				D996BBB4289ECA4C003FDFC4 /* StocksUITests.swift in Sources */,
				D996BBB6289ECA4C003FDFC4 /* StocksUITestsLaunchTests.swift in Sources */,
			);
			runOnlyForDeploymentPostprocessing = 0;
		};
/* End PBXSourcesBuildPhase section */

/* Begin PBXTargetDependency section */
		D996BBA7289ECA4C003FDFC4 /* PBXTargetDependency */ = {
			isa = PBXTargetDependency;
			target = D996BB8E289ECA4A003FDFC4 /* Stocks */;
			targetProxy = D996BBA6289ECA4C003FDFC4 /* PBXContainerItemProxy */;
		};
		D996BBB1289ECA4C003FDFC4 /* PBXTargetDependency */ = {
			isa = PBXTargetDependency;
			target = D996BB8E289ECA4A003FDFC4 /* Stocks */;
			targetProxy = D996BBB0289ECA4C003FDFC4 /* PBXContainerItemProxy */;
		};
/* End PBXTargetDependency section */

/* Begin PBXVariantGroup section */
		D996BB9D289ECA4C003FDFC4 /* LaunchScreen.storyboard */ = {
			isa = PBXVariantGroup;
			children = (
				D996BB9E289ECA4C003FDFC4 /* Base */,
			);
			name = LaunchScreen.storyboard;
			sourceTree = "<group>";
		};
/* End PBXVariantGroup section */

/* Begin XCBuildConfiguration section */
		D996BBB7289ECA4C003FDFC4 /* Debug */ = {
			isa = XCBuildConfiguration;
			buildSettings = {
				ALWAYS_SEARCH_USER_PATHS = NO;
				CLANG_ANALYZER_NONNULL = YES;
				CLANG_ANALYZER_NUMBER_OBJECT_CONVERSION = YES_AGGRESSIVE;
				CLANG_CXX_LANGUAGE_STANDARD = "gnu++17";
				CLANG_CXX_LIBRARY = "libc++";
				CLANG_ENABLE_MODULES = YES;
				CLANG_ENABLE_OBJC_ARC = YES;
				CLANG_ENABLE_OBJC_WEAK = YES;
				CLANG_WARN_BLOCK_CAPTURE_AUTORELEASING = YES;
				CLANG_WARN_BOOL_CONVERSION = YES;
				CLANG_WARN_COMMA = YES;
				CLANG_WARN_CONSTANT_CONVERSION = YES;
				CLANG_WARN_DEPRECATED_OBJC_IMPLEMENTATIONS = YES;
				CLANG_WARN_DIRECT_OBJC_ISA_USAGE = YES_ERROR;
				CLANG_WARN_DOCUMENTATION_COMMENTS = YES;
				CLANG_WARN_EMPTY_BODY = YES;
				CLANG_WARN_ENUM_CONVERSION = YES;
				CLANG_WARN_INFINITE_RECURSION = YES;
				CLANG_WARN_INT_CONVERSION = YES;
				CLANG_WARN_NON_LITERAL_NULL_CONVERSION = YES;
				CLANG_WARN_OBJC_IMPLICIT_RETAIN_SELF = YES;
				CLANG_WARN_OBJC_LITERAL_CONVERSION = YES;
				CLANG_WARN_OBJC_ROOT_CLASS = YES_ERROR;
				CLANG_WARN_QUOTED_INCLUDE_IN_FRAMEWORK_HEADER = YES;
				CLANG_WARN_RANGE_LOOP_ANALYSIS = YES;
				CLANG_WARN_STRICT_PROTOTYPES = YES;
				CLANG_WARN_SUSPICIOUS_MOVE = YES;
				CLANG_WARN_UNGUARDED_AVAILABILITY = YES_AGGRESSIVE;
				CLANG_WARN_UNREACHABLE_CODE = YES;
				CLANG_WARN__DUPLICATE_METHOD_MATCH = YES;
				COPY_PHASE_STRIP = NO;
				DEBUG_INFORMATION_FORMAT = dwarf;
				ENABLE_STRICT_OBJC_MSGSEND = YES;
				ENABLE_TESTABILITY = YES;
				GCC_C_LANGUAGE_STANDARD = gnu11;
				GCC_DYNAMIC_NO_PIC = NO;
				GCC_NO_COMMON_BLOCKS = YES;
				GCC_OPTIMIZATION_LEVEL = 0;
				GCC_PREPROCESSOR_DEFINITIONS = (
					"DEBUG=1",
					"$(inherited)",
				);
				GCC_WARN_64_TO_32_BIT_CONVERSION = YES;
				GCC_WARN_ABOUT_RETURN_TYPE = YES_ERROR;
				GCC_WARN_UNDECLARED_SELECTOR = YES;
				GCC_WARN_UNINITIALIZED_AUTOS = YES_AGGRESSIVE;
				GCC_WARN_UNUSED_FUNCTION = YES;
				GCC_WARN_UNUSED_VARIABLE = YES;
				IPHONEOS_DEPLOYMENT_TARGET = 15.2;
				MTL_ENABLE_DEBUG_INFO = INCLUDE_SOURCE;
				MTL_FAST_MATH = YES;
				ONLY_ACTIVE_ARCH = YES;
				SDKROOT = iphoneos;
				SWIFT_ACTIVE_COMPILATION_CONDITIONS = DEBUG;
				SWIFT_OPTIMIZATION_LEVEL = "-Onone";
			};
			name = Debug;
		};
		D996BBB8289ECA4C003FDFC4 /* Release */ = {
			isa = XCBuildConfiguration;
			buildSettings = {
				ALWAYS_SEARCH_USER_PATHS = NO;
				CLANG_ANALYZER_NONNULL = YES;
				CLANG_ANALYZER_NUMBER_OBJECT_CONVERSION = YES_AGGRESSIVE;
				CLANG_CXX_LANGUAGE_STANDARD = "gnu++17";
				CLANG_CXX_LIBRARY = "libc++";
				CLANG_ENABLE_MODULES = YES;
				CLANG_ENABLE_OBJC_ARC = YES;
				CLANG_ENABLE_OBJC_WEAK = YES;
				CLANG_WARN_BLOCK_CAPTURE_AUTORELEASING = YES;
				CLANG_WARN_BOOL_CONVERSION = YES;
				CLANG_WARN_COMMA = YES;
				CLANG_WARN_CONSTANT_CONVERSION = YES;
				CLANG_WARN_DEPRECATED_OBJC_IMPLEMENTATIONS = YES;
				CLANG_WARN_DIRECT_OBJC_ISA_USAGE = YES_ERROR;
				CLANG_WARN_DOCUMENTATION_COMMENTS = YES;
				CLANG_WARN_EMPTY_BODY = YES;
				CLANG_WARN_ENUM_CONVERSION = YES;
				CLANG_WARN_INFINITE_RECURSION = YES;
				CLANG_WARN_INT_CONVERSION = YES;
				CLANG_WARN_NON_LITERAL_NULL_CONVERSION = YES;
				CLANG_WARN_OBJC_IMPLICIT_RETAIN_SELF = YES;
				CLANG_WARN_OBJC_LITERAL_CONVERSION = YES;
				CLANG_WARN_OBJC_ROOT_CLASS = YES_ERROR;
				CLANG_WARN_QUOTED_INCLUDE_IN_FRAMEWORK_HEADER = YES;
				CLANG_WARN_RANGE_LOOP_ANALYSIS = YES;
				CLANG_WARN_STRICT_PROTOTYPES = YES;
				CLANG_WARN_SUSPICIOUS_MOVE = YES;
				CLANG_WARN_UNGUARDED_AVAILABILITY = YES_AGGRESSIVE;
				CLANG_WARN_UNREACHABLE_CODE = YES;
				CLANG_WARN__DUPLICATE_METHOD_MATCH = YES;
				COPY_PHASE_STRIP = NO;
				DEBUG_INFORMATION_FORMAT = "dwarf-with-dsym";
				ENABLE_NS_ASSERTIONS = NO;
				ENABLE_STRICT_OBJC_MSGSEND = YES;
				GCC_C_LANGUAGE_STANDARD = gnu11;
				GCC_NO_COMMON_BLOCKS = YES;
				GCC_WARN_64_TO_32_BIT_CONVERSION = YES;
				GCC_WARN_ABOUT_RETURN_TYPE = YES_ERROR;
				GCC_WARN_UNDECLARED_SELECTOR = YES;
				GCC_WARN_UNINITIALIZED_AUTOS = YES_AGGRESSIVE;
				GCC_WARN_UNUSED_FUNCTION = YES;
				GCC_WARN_UNUSED_VARIABLE = YES;
				IPHONEOS_DEPLOYMENT_TARGET = 15.2;
				MTL_ENABLE_DEBUG_INFO = NO;
				MTL_FAST_MATH = YES;
				SDKROOT = iphoneos;
				SWIFT_COMPILATION_MODE = wholemodule;
				SWIFT_OPTIMIZATION_LEVEL = "-O";
				VALIDATE_PRODUCT = YES;
			};
			name = Release;
		};
		D996BBBA289ECA4C003FDFC4 /* Debug */ = {
			isa = XCBuildConfiguration;
			buildSettings = {
				ASSETCATALOG_COMPILER_APPICON_NAME = AppIcon;
				ASSETCATALOG_COMPILER_GLOBAL_ACCENT_COLOR_NAME = AccentColor;
				CODE_SIGN_STYLE = Automatic;
				CURRENT_PROJECT_VERSION = 1;
				DEVELOPMENT_TEAM = 79T4246ALJ;
				GENERATE_INFOPLIST_FILE = YES;
				INFOPLIST_FILE = Stocks/Info.plist;
				INFOPLIST_KEY_UIApplicationSupportsIndirectInputEvents = YES;
				INFOPLIST_KEY_UILaunchStoryboardName = LaunchScreen;
				INFOPLIST_KEY_UISupportedInterfaceOrientations = UIInterfaceOrientationPortrait;
				INFOPLIST_KEY_UISupportedInterfaceOrientations_iPad = "UIInterfaceOrientationPortrait UIInterfaceOrientationPortraitUpsideDown UIInterfaceOrientationLandscapeLeft UIInterfaceOrientationLandscapeRight";
				INFOPLIST_KEY_UISupportedInterfaceOrientations_iPhone = "UIInterfaceOrientationPortrait UIInterfaceOrientationLandscapeLeft UIInterfaceOrientationLandscapeRight";
				IPHONEOS_DEPLOYMENT_TARGET = 14.0;
				LD_RUNPATH_SEARCH_PATHS = (
					"$(inherited)",
					"@executable_path/Frameworks",
				);
				MARKETING_VERSION = 1.0;
				PRODUCT_BUNDLE_IDENTIFIER = tomtung.Stocks;
				PRODUCT_NAME = "$(TARGET_NAME)";
				SWIFT_EMIT_LOC_STRINGS = YES;
				SWIFT_VERSION = 5.0;
				TARGETED_DEVICE_FAMILY = "1,2";
			};
			name = Debug;
		};
		D996BBBB289ECA4C003FDFC4 /* Release */ = {
			isa = XCBuildConfiguration;
			buildSettings = {
				ASSETCATALOG_COMPILER_APPICON_NAME = AppIcon;
				ASSETCATALOG_COMPILER_GLOBAL_ACCENT_COLOR_NAME = AccentColor;
				CODE_SIGN_STYLE = Automatic;
				CURRENT_PROJECT_VERSION = 1;
				DEVELOPMENT_TEAM = 79T4246ALJ;
				GENERATE_INFOPLIST_FILE = YES;
				INFOPLIST_FILE = Stocks/Info.plist;
				INFOPLIST_KEY_UIApplicationSupportsIndirectInputEvents = YES;
				INFOPLIST_KEY_UILaunchStoryboardName = LaunchScreen;
				INFOPLIST_KEY_UISupportedInterfaceOrientations = UIInterfaceOrientationPortrait;
				INFOPLIST_KEY_UISupportedInterfaceOrientations_iPad = "UIInterfaceOrientationPortrait UIInterfaceOrientationPortraitUpsideDown UIInterfaceOrientationLandscapeLeft UIInterfaceOrientationLandscapeRight";
				INFOPLIST_KEY_UISupportedInterfaceOrientations_iPhone = "UIInterfaceOrientationPortrait UIInterfaceOrientationLandscapeLeft UIInterfaceOrientationLandscapeRight";
				IPHONEOS_DEPLOYMENT_TARGET = 14.0;
				LD_RUNPATH_SEARCH_PATHS = (
					"$(inherited)",
					"@executable_path/Frameworks",
				);
				MARKETING_VERSION = 1.0;
				PRODUCT_BUNDLE_IDENTIFIER = tomtung.Stocks;
				PRODUCT_NAME = "$(TARGET_NAME)";
				SWIFT_EMIT_LOC_STRINGS = YES;
				SWIFT_VERSION = 5.0;
				TARGETED_DEVICE_FAMILY = "1,2";
			};
			name = Release;
		};
		D996BBBD289ECA4C003FDFC4 /* Debug */ = {
			isa = XCBuildConfiguration;
			buildSettings = {
				ALWAYS_EMBED_SWIFT_STANDARD_LIBRARIES = YES;
				BUNDLE_LOADER = "$(TEST_HOST)";
				CODE_SIGN_STYLE = Automatic;
				CURRENT_PROJECT_VERSION = 1;
				DEVELOPMENT_TEAM = 79T4246ALJ;
				GENERATE_INFOPLIST_FILE = YES;
				IPHONEOS_DEPLOYMENT_TARGET = 15.2;
				MARKETING_VERSION = 1.0;
				PRODUCT_BUNDLE_IDENTIFIER = tomtung.StocksTests;
				PRODUCT_NAME = "$(TARGET_NAME)";
				SWIFT_EMIT_LOC_STRINGS = NO;
				SWIFT_VERSION = 5.0;
				TARGETED_DEVICE_FAMILY = "1,2";
				TEST_HOST = "$(BUILT_PRODUCTS_DIR)/Stocks.app/Stocks";
			};
			name = Debug;
		};
		D996BBBE289ECA4C003FDFC4 /* Release */ = {
			isa = XCBuildConfiguration;
			buildSettings = {
				ALWAYS_EMBED_SWIFT_STANDARD_LIBRARIES = YES;
				BUNDLE_LOADER = "$(TEST_HOST)";
				CODE_SIGN_STYLE = Automatic;
				CURRENT_PROJECT_VERSION = 1;
				DEVELOPMENT_TEAM = 79T4246ALJ;
				GENERATE_INFOPLIST_FILE = YES;
				IPHONEOS_DEPLOYMENT_TARGET = 15.2;
				MARKETING_VERSION = 1.0;
				PRODUCT_BUNDLE_IDENTIFIER = tomtung.StocksTests;
				PRODUCT_NAME = "$(TARGET_NAME)";
				SWIFT_EMIT_LOC_STRINGS = NO;
				SWIFT_VERSION = 5.0;
				TARGETED_DEVICE_FAMILY = "1,2";
				TEST_HOST = "$(BUILT_PRODUCTS_DIR)/Stocks.app/Stocks";
			};
			name = Release;
		};
		D996BBC0289ECA4C003FDFC4 /* Debug */ = {
			isa = XCBuildConfiguration;
			buildSettings = {
				ALWAYS_EMBED_SWIFT_STANDARD_LIBRARIES = YES;
				CODE_SIGN_STYLE = Automatic;
				CURRENT_PROJECT_VERSION = 1;
				DEVELOPMENT_TEAM = 79T4246ALJ;
				GENERATE_INFOPLIST_FILE = YES;
				MARKETING_VERSION = 1.0;
				PRODUCT_BUNDLE_IDENTIFIER = tomtung.StocksUITests;
				PRODUCT_NAME = "$(TARGET_NAME)";
				SWIFT_EMIT_LOC_STRINGS = NO;
				SWIFT_VERSION = 5.0;
				TARGETED_DEVICE_FAMILY = "1,2";
				TEST_TARGET_NAME = Stocks;
			};
			name = Debug;
		};
		D996BBC1289ECA4C003FDFC4 /* Release */ = {
			isa = XCBuildConfiguration;
			buildSettings = {
				ALWAYS_EMBED_SWIFT_STANDARD_LIBRARIES = YES;
				CODE_SIGN_STYLE = Automatic;
				CURRENT_PROJECT_VERSION = 1;
				DEVELOPMENT_TEAM = 79T4246ALJ;
				GENERATE_INFOPLIST_FILE = YES;
				MARKETING_VERSION = 1.0;
				PRODUCT_BUNDLE_IDENTIFIER = tomtung.StocksUITests;
				PRODUCT_NAME = "$(TARGET_NAME)";
				SWIFT_EMIT_LOC_STRINGS = NO;
				SWIFT_VERSION = 5.0;
				TARGETED_DEVICE_FAMILY = "1,2";
				TEST_TARGET_NAME = Stocks;
			};
			name = Release;
		};
/* End XCBuildConfiguration section */

/* Begin XCConfigurationList section */
		D996BB8A289ECA4A003FDFC4 /* Build configuration list for PBXProject "Stocks" */ = {
			isa = XCConfigurationList;
			buildConfigurations = (
				D996BBB7289ECA4C003FDFC4 /* Debug */,
				D996BBB8289ECA4C003FDFC4 /* Release */,
			);
			defaultConfigurationIsVisible = 0;
			defaultConfigurationName = Release;
		};
		D996BBB9289ECA4C003FDFC4 /* Build configuration list for PBXNativeTarget "Stocks" */ = {
			isa = XCConfigurationList;
			buildConfigurations = (
				D996BBBA289ECA4C003FDFC4 /* Debug */,
				D996BBBB289ECA4C003FDFC4 /* Release */,
			);
			defaultConfigurationIsVisible = 0;
			defaultConfigurationName = Release;
		};
		D996BBBC289ECA4C003FDFC4 /* Build configuration list for PBXNativeTarget "StocksTests" */ = {
			isa = XCConfigurationList;
			buildConfigurations = (
				D996BBBD289ECA4C003FDFC4 /* Debug */,
				D996BBBE289ECA4C003FDFC4 /* Release */,
			);
			defaultConfigurationIsVisible = 0;
			defaultConfigurationName = Release;
		};
		D996BBBF289ECA4C003FDFC4 /* Build configuration list for PBXNativeTarget "StocksUITests" */ = {
			isa = XCConfigurationList;
			buildConfigurations = (
				D996BBC0289ECA4C003FDFC4 /* Debug */,
				D996BBC1289ECA4C003FDFC4 /* Release */,
			);
			defaultConfigurationIsVisible = 0;
			defaultConfigurationName = Release;
		};
/* End XCConfigurationList section */
	};
	rootObject = D996BB87289ECA4A003FDFC4 /* Project object */;
}
